
Microsoft Visual Studio Solution File, Format Version 12.00
# Visual Studio Version 16
VisualStudioVersion = 16.6.30114.105
MinimumVisualStudioVersion = 10.0.40219.1
Project("{9A19103F-16F7-4668-BE54-9A1E7A4F7556}") = "R5T.T0112.X0001", "R5T.T0112.X0001\R5T.T0112.X0001.csproj", "{6AFD0A9D-A67E-4B49-B6E9-7318D29C8C6A}"
EndProject
Project("{2150E333-8FDC-42A3-9474-1A3956D46DE8}") = "_Dependencies", "_Dependencies", "{FE8985E5-A1AD-4890-B643-94EDDEED76A7}"
EndProject
Project("{9A19103F-16F7-4668-BE54-9A1E7A4F7556}") = "R5T.T0112.X001", "..\..\R5T.T0112\source\R5T.T0112.X001\R5T.T0112.X001.csproj", "{E683E2D2-7D95-4556-860E-A3C3065D59DA}"
EndProject
Project("{9A19103F-16F7-4668-BE54-9A1E7A4F7556}") = "R5T.Magyar", "..\..\R5T.Magyar\source\R5T.Magyar\R5T.Magyar.csproj", "{9F2A7B25-91C2-4A9B-8035-6FADD39C30A0}"
EndProject
Project("{9A19103F-16F7-4668-BE54-9A1E7A4F7556}") = "R5T.T0112", "..\..\R5T.T0112\source\R5T.T0112\R5T.T0112.csproj", "{45169C1F-3339-424A-A8BD-053025C2022D}"
EndProject
Project("{9A19103F-16F7-4668-BE54-9A1E7A4F7556}") = "R5T.T0039.T002", "..\..\R5T.T0039\source\R5T.T0039.T002\R5T.T0039.T002.csproj", "{C4ABA7BE-5038-4D3F-8CA4-446F46A3F415}"
EndProject
Global
	GlobalSection(SolutionConfigurationPlatforms) = preSolution
		Debug|Any CPU = Debug|Any CPU
		Debug|x64 = Debug|x64
		Debug|x86 = Debug|x86
		Release|Any CPU = Release|Any CPU
		Release|x64 = Release|x64
		Release|x86 = Release|x86
	EndGlobalSection
	GlobalSection(ProjectConfigurationPlatforms) = postSolution
		{6AFD0A9D-A67E-4B49-B6E9-7318D29C8C6A}.Debug|Any CPU.ActiveCfg = Debug|Any CPU
		{6AFD0A9D-A67E-4B49-B6E9-7318D29C8C6A}.Debug|Any CPU.Build.0 = Debug|Any CPU
		{6AFD0A9D-A67E-4B49-B6E9-7318D29C8C6A}.Debug|x64.ActiveCfg = Debug|Any CPU
		{6AFD0A9D-A67E-4B49-B6E9-7318D29C8C6A}.Debug|x64.Build.0 = Debug|Any CPU
		{6AFD0A9D-A67E-4B49-B6E9-7318D29C8C6A}.Debug|x86.ActiveCfg = Debug|Any CPU
		{6AFD0A9D-A67E-4B49-B6E9-7318D29C8C6A}.Debug|x86.Build.0 = Debug|Any CPU
		{6AFD0A9D-A67E-4B49-B6E9-7318D29C8C6A}.Release|Any CPU.ActiveCfg = Release|Any CPU
		{6AFD0A9D-A67E-4B49-B6E9-7318D29C8C6A}.Release|Any CPU.Build.0 = Release|Any CPU
		{6AFD0A9D-A67E-4B49-B6E9-7318D29C8C6A}.Release|x64.ActiveCfg = Release|Any CPU
		{6AFD0A9D-A67E-4B49-B6E9-7318D29C8C6A}.Release|x64.Build.0 = Release|Any CPU
		{6AFD0A9D-A67E-4B49-B6E9-7318D29C8C6A}.Release|x86.ActiveCfg = Release|Any CPU
		{6AFD0A9D-A67E-4B49-B6E9-7318D29C8C6A}.Release|x86.Build.0 = Release|Any CPU
		{E683E2D2-7D95-4556-860E-A3C3065D59DA}.Debug|Any CPU.ActiveCfg = Debug|Any CPU
		{E683E2D2-7D95-4556-860E-A3C3065D59DA}.Debug|Any CPU.Build.0 = Debug|Any CPU
		{E683E2D2-7D95-4556-860E-A3C3065D59DA}.Debug|x64.ActiveCfg = Debug|Any CPU
		{E683E2D2-7D95-4556-860E-A3C3065D59DA}.Debug|x64.Build.0 = Debug|Any CPU
		{E683E2D2-7D95-4556-860E-A3C3065D59DA}.Debug|x86.ActiveCfg = Debug|Any CPU
		{E683E2D2-7D95-4556-860E-A3C3065D59DA}.Debug|x86.Build.0 = Debug|Any CPU
		{E683E2D2-7D95-4556-860E-A3C3065D59DA}.Release|Any CPU.ActiveCfg = Release|Any CPU
		{E683E2D2-7D95-4556-860E-A3C3065D59DA}.Release|Any CPU.Build.0 = Release|Any CPU
		{E683E2D2-7D95-4556-860E-A3C3065D59DA}.Release|x64.ActiveCfg = Release|Any CPU
		{E683E2D2-7D95-4556-860E-A3C3065D59DA}.Release|x64.Build.0 = Release|Any CPU
		{E683E2D2-7D95-4556-860E-A3C3065D59DA}.Release|x86.ActiveCfg = Release|Any CPU
		{E683E2D2-7D95-4556-860E-A3C3065D59DA}.Release|x86.Build.0 = Release|Any CPU
		{9F2A7B25-91C2-4A9B-8035-6FADD39C30A0}.Debug|Any CPU.ActiveCfg = Debug|Any CPU
		{9F2A7B25-91C2-4A9B-8035-6FADD39C30A0}.Debug|Any CPU.Build.0 = Debug|Any CPU
		{9F2A7B25-91C2-4A9B-8035-6FADD39C30A0}.Debug|x64.ActiveCfg = Debug|Any CPU
		{9F2A7B25-91C2-4A9B-8035-6FADD39C30A0}.Debug|x64.Build.0 = Debug|Any CPU
		{9F2A7B25-91C2-4A9B-8035-6FADD39C30A0}.Debug|x86.ActiveCfg = Debug|Any CPU
		{9F2A7B25-91C2-4A9B-8035-6FADD39C30A0}.Debug|x86.Build.0 = Debug|Any CPU
		{9F2A7B25-91C2-4A9B-8035-6FADD39C30A0}.Release|Any CPU.ActiveCfg = Release|Any CPU
		{9F2A7B25-91C2-4A9B-8035-6FADD39C30A0}.Release|Any CPU.Build.0 = Release|Any CPU
		{9F2A7B25-91C2-4A9B-8035-6FADD39C30A0}.Release|x64.ActiveCfg = Release|Any CPU
		{9F2A7B25-91C2-4A9B-8035-6FADD39C30A0}.Release|x64.Build.0 = Release|Any CPU
		{9F2A7B25-91C2-4A9B-8035-6FADD39C30A0}.Release|x86.ActiveCfg = Release|Any CPU
		{9F2A7B25-91C2-4A9B-8035-6FADD39C30A0}.Release|x86.Build.0 = Release|Any CPU
		{45169C1F-3339-424A-A8BD-053025C2022D}.Debug|Any CPU.ActiveCfg = Debug|Any CPU
		{45169C1F-3339-424A-A8BD-053025C2022D}.Debug|Any CPU.Build.0 = Debug|Any CPU
		{45169C1F-3339-424A-A8BD-053025C2022D}.Debug|x64.ActiveCfg = Debug|Any CPU
		{45169C1F-3339-424A-A8BD-053025C2022D}.Debug|x64.Build.0 = Debug|Any CPU
		{45169C1F-3339-424A-A8BD-053025C2022D}.Debug|x86.ActiveCfg = Debug|Any CPU
		{45169C1F-3339-424A-A8BD-053025C2022D}.Debug|x86.Build.0 = Debug|Any CPU
		{45169C1F-3339-424A-A8BD-053025C2022D}.Release|Any CPU.ActiveCfg = Release|Any CPU
		{45169C1F-3339-424A-A8BD-053025C2022D}.Release|Any CPU.Build.0 = Release|Any CPU
		{45169C1F-3339-424A-A8BD-053025C2022D}.Release|x64.ActiveCfg = Release|Any CPU
		{45169C1F-3339-424A-A8BD-053025C2022D}.Release|x64.Build.0 = Release|Any CPU
		{45169C1F-3339-424A-A8BD-053025C2022D}.Release|x86.ActiveCfg = Release|Any CPU
		{45169C1F-3339-424A-A8BD-053025C2022D}.Release|x86.Build.0 = Release|Any CPU
		{C4ABA7BE-5038-4D3F-8CA4-446F46A3F415}.Debug|Any CPU.ActiveCfg = Debug|Any CPU
		{C4ABA7BE-5038-4D3F-8CA4-446F46A3F415}.Debug|Any CPU.Build.0 = Debug|Any CPU
		{C4ABA7BE-5038-4D3F-8CA4-446F46A3F415}.Debug|x64.ActiveCfg = Debug|Any CPU
		{C4ABA7BE-5038-4D3F-8CA4-446F46A3F415}.Debug|x64.Build.0 = Debug|Any CPU
		{C4ABA7BE-5038-4D3F-8CA4-446F46A3F415}.Debug|x86.ActiveCfg = Debug|Any CPU
		{C4ABA7BE-5038-4D3F-8CA4-446F46A3F415}.Debug|x86.Build.0 = Debug|Any CPU
		{C4ABA7BE-5038-4D3F-8CA4-446F46A3F415}.Release|Any CPU.ActiveCfg = Release|Any CPU
		{C4ABA7BE-5038-4D3F-8CA4-446F46A3F415}.Release|Any CPU.Build.0 = Release|Any CPU
		{C4ABA7BE-5038-4D3F-8CA4-446F46A3F415}.Release|x64.ActiveCfg = Release|Any CPU
		{C4ABA7BE-5038-4D3F-8CA4-446F46A3F415}.Release|x64.Build.0 = Release|Any CPU
		{C4ABA7BE-5038-4D3F-8CA4-446F46A3F415}.Release|x86.ActiveCfg = Release|Any CPU
		{C4ABA7BE-5038-4D3F-8CA4-446F46A3F415}.Release|x86.Build.0 = Release|Any CPU
	EndGlobalSection
	GlobalSection(SolutionProperties) = preSolution
		HideSolutionNode = FALSE
	EndGlobalSection
	GlobalSection(NestedProjects) = preSolution
		{E683E2D2-7D95-4556-860E-A3C3065D59DA} = {FE8985E5-A1AD-4890-B643-94EDDEED76A7}
		{9F2A7B25-91C2-4A9B-8035-6FADD39C30A0} = {FE8985E5-A1AD-4890-B643-94EDDEED76A7}
		{45169C1F-3339-424A-A8BD-053025C2022D} = {FE8985E5-A1AD-4890-B643-94EDDEED76A7}
		{C4ABA7BE-5038-4D3F-8CA4-446F46A3F415} = {FE8985E5-A1AD-4890-B643-94EDDEED76A7}
	EndGlobalSection
	GlobalSection(ExtensibilityGlobals) = postSolution
		SolutionGuid = {B4A1115B-49B7-493E-98E5-BDBC411503F0}
	EndGlobalSection
EndGlobal
